
Microsoft Visual Studio Solution File, Format Version 12.00
# Visual Studio 15
Project("{FAE04EC0-301F-11D3-BF4B-00C04F79EFBC}") = "Assembly-CSharp", "Assembly-CSharp.csproj", "{9285BF39-22BE-0301-604D-7CF1EFFFDBD1}"
EndProject
Project("{FAE04EC0-301F-11D3-BF4B-00C04F79EFBC}") = "Assembly-CSharp-Editor-firstpass", "Assembly-CSharp-Editor-firstpass.csproj", "{50ACAF69-8A6D-F9F6-67A1-E31C1364F7F9}"
EndProject
Global
	GlobalSection(SolutionConfigurationPlatforms) = preSolution
		Debug|Any CPU = Debug|Any CPU
		Release|Any CPU = Release|Any CPU
	EndGlobalSection
	GlobalSection(ProjectConfigurationPlatforms) = postSolution
		{9285BF39-22BE-0301-604D-7CF1EFFFDBD1}.Debug|Any CPU.ActiveCfg = Debug|Any CPU
		{9285BF39-22BE-0301-604D-7CF1EFFFDBD1}.Debug|Any CPU.Build.0 = Debug|Any CPU
		{9285BF39-22BE-0301-604D-7CF1EFFFDBD1}.Release|Any CPU.ActiveCfg = Release|Any CPU
		{9285BF39-22BE-0301-604D-7CF1EFFFDBD1}.Release|Any CPU.Build.0 = Release|Any CPU
		{50ACAF69-8A6D-F9F6-67A1-E31C1364F7F9}.Debug|Any CPU.ActiveCfg = Debug|Any CPU
		{50ACAF69-8A6D-F9F6-67A1-E31C1364F7F9}.Debug|Any CPU.Build.0 = Debug|Any CPU
		{50ACAF69-8A6D-F9F6-67A1-E31C1364F7F9}.Release|Any CPU.ActiveCfg = Release|Any CPU
		{50ACAF69-8A6D-F9F6-67A1-E31C1364F7F9}.Release|Any CPU.Build.0 = Release|Any CPU
	EndGlobalSection
	GlobalSection(SolutionProperties) = preSolution
		HideSolutionNode = FALSE
	EndGlobalSection
EndGlobal
